
Microsoft Visual Studio Solution File, Format Version 12.00
# Visual Studio Version 17
VisualStudioVersion = 17.3.32811.315
MinimumVisualStudioVersion = 10.0.40219.1
Project("{9A19103F-16F7-4668-BE54-9A1E7A4F7556}") = "UserTicketService", "UserTicketService\UserTicketService.csproj", "{49732285-7517-4300-950B-D0917250C9A3}"
EndProject
Project("{9A19103F-16F7-4668-BE54-9A1E7A4F7556}") = "UserTicketService.Tests", "UserTicketService.Tests\UserTicketService.Tests.csproj", "{E74CD7D8-3DEE-460E-B03C-C0350DB9398B}"
EndProject
Project("{9A19103F-16F7-4668-BE54-9A1E7A4F7556}") = "Translator", "Translator\Translator.csproj", "{5E7F6043-C6F1-4C28-97E2-7EA92500D097}"
EndProject
Project("{9A19103F-16F7-4668-BE54-9A1E7A4F7556}") = "Translator.Tests", "Translator.Tests\Translator.Tests.csproj", "{D99010B7-FC1D-4905-831C-4874846CE795}"
EndProject
Project("{9A19103F-16F7-4668-BE54-9A1E7A4F7556}") = "Tasks", "Tasks\Tasks.csproj", "{A933B7D8-A63F-40AE-AC9D-344D921C952D}"
EndProject
Project("{9A19103F-16F7-4668-BE54-9A1E7A4F7556}") = "Tasks.Tests", "Tasks.Tests\Tasks.Tests.csproj", "{4B81995C-D9BE-4C4F-9D9E-AE3D3BA35419}"
EndProject
Project("{FAE04EC0-301F-11D3-BF4B-00C04F79EFBC}") = "PrivateObjectExample", "PrivateObjectExample\PrivateObjectExample.csproj", "{57DA9DBD-9CF7-4B09-BC22-5A533CDADD95}"
EndProject
Project("{FAE04EC0-301F-11D3-BF4B-00C04F79EFBC}") = "PrivateObjectExample.Tests", "PrivateObjectExample.Tests\PrivateObjectExample.Tests.csproj", "{A9A59736-1658-49AE-B3D2-4530C75F6343}"
EndProject
Global
	GlobalSection(SolutionConfigurationPlatforms) = preSolution
		Debug|Any CPU = Debug|Any CPU
		Release|Any CPU = Release|Any CPU
	EndGlobalSection
	GlobalSection(ProjectConfigurationPlatforms) = postSolution
		{49732285-7517-4300-950B-D0917250C9A3}.Debug|Any CPU.ActiveCfg = Debug|Any CPU
		{49732285-7517-4300-950B-D0917250C9A3}.Debug|Any CPU.Build.0 = Debug|Any CPU
		{49732285-7517-4300-950B-D0917250C9A3}.Release|Any CPU.ActiveCfg = Release|Any CPU
		{49732285-7517-4300-950B-D0917250C9A3}.Release|Any CPU.Build.0 = Release|Any CPU
		{E74CD7D8-3DEE-460E-B03C-C0350DB9398B}.Debug|Any CPU.ActiveCfg = Debug|Any CPU
		{E74CD7D8-3DEE-460E-B03C-C0350DB9398B}.Debug|Any CPU.Build.0 = Debug|Any CPU
		{E74CD7D8-3DEE-460E-B03C-C0350DB9398B}.Release|Any CPU.ActiveCfg = Release|Any CPU
		{E74CD7D8-3DEE-460E-B03C-C0350DB9398B}.Release|Any CPU.Build.0 = Release|Any CPU
		{5E7F6043-C6F1-4C28-97E2-7EA92500D097}.Debug|Any CPU.ActiveCfg = Debug|Any CPU
		{5E7F6043-C6F1-4C28-97E2-7EA92500D097}.Debug|Any CPU.Build.0 = Debug|Any CPU
		{5E7F6043-C6F1-4C28-97E2-7EA92500D097}.Release|Any CPU.ActiveCfg = Release|Any CPU
		{5E7F6043-C6F1-4C28-97E2-7EA92500D097}.Release|Any CPU.Build.0 = Release|Any CPU
		{D99010B7-FC1D-4905-831C-4874846CE795}.Debug|Any CPU.ActiveCfg = Debug|Any CPU
		{D99010B7-FC1D-4905-831C-4874846CE795}.Debug|Any CPU.Build.0 = Debug|Any CPU
		{D99010B7-FC1D-4905-831C-4874846CE795}.Release|Any CPU.ActiveCfg = Release|Any CPU
		{D99010B7-FC1D-4905-831C-4874846CE795}.Release|Any CPU.Build.0 = Release|Any CPU
		{A933B7D8-A63F-40AE-AC9D-344D921C952D}.Debug|Any CPU.ActiveCfg = Debug|Any CPU
		{A933B7D8-A63F-40AE-AC9D-344D921C952D}.Debug|Any CPU.Build.0 = Debug|Any CPU
		{A933B7D8-A63F-40AE-AC9D-344D921C952D}.Release|Any CPU.ActiveCfg = Release|Any CPU
		{A933B7D8-A63F-40AE-AC9D-344D921C952D}.Release|Any CPU.Build.0 = Release|Any CPU
		{4B81995C-D9BE-4C4F-9D9E-AE3D3BA35419}.Debug|Any CPU.ActiveCfg = Debug|Any CPU
		{4B81995C-D9BE-4C4F-9D9E-AE3D3BA35419}.Debug|Any CPU.Build.0 = Debug|Any CPU
		{4B81995C-D9BE-4C4F-9D9E-AE3D3BA35419}.Release|Any CPU.ActiveCfg = Release|Any CPU
		{4B81995C-D9BE-4C4F-9D9E-AE3D3BA35419}.Release|Any CPU.Build.0 = Release|Any CPU
		{57DA9DBD-9CF7-4B09-BC22-5A533CDADD95}.Debug|Any CPU.ActiveCfg = Debug|Any CPU
		{57DA9DBD-9CF7-4B09-BC22-5A533CDADD95}.Debug|Any CPU.Build.0 = Debug|Any CPU
		{57DA9DBD-9CF7-4B09-BC22-5A533CDADD95}.Release|Any CPU.ActiveCfg = Release|Any CPU
		{57DA9DBD-9CF7-4B09-BC22-5A533CDADD95}.Release|Any CPU.Build.0 = Release|Any CPU
		{A9A59736-1658-49AE-B3D2-4530C75F6343}.Debug|Any CPU.ActiveCfg = Debug|Any CPU
		{A9A59736-1658-49AE-B3D2-4530C75F6343}.Debug|Any CPU.Build.0 = Debug|Any CPU
		{A9A59736-1658-49AE-B3D2-4530C75F6343}.Release|Any CPU.ActiveCfg = Release|Any CPU
		{A9A59736-1658-49AE-B3D2-4530C75F6343}.Release|Any CPU.Build.0 = Release|Any CPU
	EndGlobalSection
	GlobalSection(SolutionProperties) = preSolution
		HideSolutionNode = FALSE
	EndGlobalSection
	GlobalSection(ExtensibilityGlobals) = postSolution
		SolutionGuid = {92871047-8770-47FE-9CAB-F4011EA48BDD}
	EndGlobalSection
EndGlobal
